// !$*UTF8*$!
{
	archiveVersion = 1;
	classes = {
	};
	objectVersion = 50;
	objects = {

/* Begin PBXBuildFile section */
		6DAAFA1E23E482220072D03C /* AppDelegate.m in Sources */ = {isa = PBXBuildFile; fileRef = 6DAAFA1D23E482220072D03C /* AppDelegate.m */; };
		6DAAFA2123E482220072D03C /* SceneDelegate.m in Sources */ = {isa = PBXBuildFile; fileRef = 6DAAFA2023E482220072D03C /* SceneDelegate.m */; };
		6DAAFA2723E482220072D03C /* Main.storyboard in Resources */ = {isa = PBXBuildFile; fileRef = 6DAAFA2523E482220072D03C /* Main.storyboard */; };
		6DAAFA2923E482260072D03C /* Assets.xcassets in Resources */ = {isa = PBXBuildFile; fileRef = 6DAAFA2823E482260072D03C /* Assets.xcassets */; };
		6DAAFA2C23E482260072D03C /* LaunchScreen.storyboard in Resources */ = {isa = PBXBuildFile; fileRef = 6DAAFA2A23E482260072D03C /* LaunchScreen.storyboard */; };
		6DAAFA2F23E482260072D03C /* main.m in Sources */ = {isa = PBXBuildFile; fileRef = 6DAAFA2E23E482260072D03C /* main.m */; };
		6DAAFA3E23E488EB0072D03C /* JDCMovie.m in Sources */ = {isa = PBXBuildFile; fileRef = 6DAAFA3D23E488EB0072D03C /* JDCMovie.m */; };
/* End PBXBuildFile section */

/* Begin PBXFileReference section */
		6DAAFA1923E482220072D03C /* MovieSearch-C31.app */ = {isa = PBXFileReference; explicitFileType = wrapper.application; includeInIndex = 0; path = "MovieSearch-C31.app"; sourceTree = BUILT_PRODUCTS_DIR; };
		6DAAFA1C23E482220072D03C /* AppDelegate.h */ = {isa = PBXFileReference; lastKnownFileType = sourcecode.c.h; path = AppDelegate.h; sourceTree = "<group>"; };
		6DAAFA1D23E482220072D03C /* AppDelegate.m */ = {isa = PBXFileReference; lastKnownFileType = sourcecode.c.objc; path = AppDelegate.m; sourceTree = "<group>"; };
		6DAAFA1F23E482220072D03C /* SceneDelegate.h */ = {isa = PBXFileReference; lastKnownFileType = sourcecode.c.h; path = SceneDelegate.h; sourceTree = "<group>"; };
		6DAAFA2023E482220072D03C /* SceneDelegate.m */ = {isa = PBXFileReference; lastKnownFileType = sourcecode.c.objc; path = SceneDelegate.m; sourceTree = "<group>"; };
		6DAAFA2623E482220072D03C /* Base */ = {isa = PBXFileReference; lastKnownFileType = file.storyboard; name = Base; path = Base.lproj/Main.storyboard; sourceTree = "<group>"; };
		6DAAFA2823E482260072D03C /* Assets.xcassets */ = {isa = PBXFileReference; lastKnownFileType = folder.assetcatalog; path = Assets.xcassets; sourceTree = "<group>"; };
		6DAAFA2B23E482260072D03C /* Base */ = {isa = PBXFileReference; lastKnownFileType = file.storyboard; name = Base; path = Base.lproj/LaunchScreen.storyboard; sourceTree = "<group>"; };
		6DAAFA2D23E482260072D03C /* Info.plist */ = {isa = PBXFileReference; lastKnownFileType = text.plist.xml; path = Info.plist; sourceTree = "<group>"; };
		6DAAFA2E23E482260072D03C /* main.m */ = {isa = PBXFileReference; lastKnownFileType = sourcecode.c.objc; path = main.m; sourceTree = "<group>"; };
		6DAAFA3C23E488EB0072D03C /* JDCMovie.h */ = {isa = PBXFileReference; lastKnownFileType = sourcecode.c.h; path = JDCMovie.h; sourceTree = "<group>"; };
		6DAAFA3D23E488EB0072D03C /* JDCMovie.m */ = {isa = PBXFileReference; lastKnownFileType = sourcecode.c.objc; path = JDCMovie.m; sourceTree = "<group>"; };
/* End PBXFileReference section */

/* Begin PBXFrameworksBuildPhase section */
		6DAAFA1623E482220072D03C /* Frameworks */ = {
			isa = PBXFrameworksBuildPhase;
			buildActionMask = 2147483647;
			files = (
			);
			runOnlyForDeploymentPostprocessing = 0;
		};
/* End PBXFrameworksBuildPhase section */

/* Begin PBXGroup section */
		6DAAFA1023E482220072D03C = {
			isa = PBXGroup;
			children = (
				6DAAFA1B23E482220072D03C /* MovieSearch-C31 */,
				6DAAFA1A23E482220072D03C /* Products */,
			);
			sourceTree = "<group>";
		};
		6DAAFA1A23E482220072D03C /* Products */ = {
			isa = PBXGroup;
			children = (
				6DAAFA1923E482220072D03C /* MovieSearch-C31.app */,
			);
			name = Products;
			sourceTree = "<group>";
		};
		6DAAFA1B23E482220072D03C /* MovieSearch-C31 */ = {
			isa = PBXGroup;
			children = (
				6DAAFA2523E482220072D03C /* Main.storyboard */,
				6DAAFA3623E482570072D03C /* Models */,
				6DAAFA3723E4825B0072D03C /* Views */,
				6DAAFA3823E482620072D03C /* Controllers */,
				6DAAFA3523E4823D0072D03C /* Resources */,
			);
			path = "MovieSearch-C31";
			sourceTree = "<group>";
		};
		6DAAFA3523E4823D0072D03C /* Resources */ = {
			isa = PBXGroup;
			children = (
				6DAAFA1C23E482220072D03C /* AppDelegate.h */,
				6DAAFA1D23E482220072D03C /* AppDelegate.m */,
				6DAAFA1F23E482220072D03C /* SceneDelegate.h */,
				6DAAFA2023E482220072D03C /* SceneDelegate.m */,
				6DAAFA2823E482260072D03C /* Assets.xcassets */,
				6DAAFA2A23E482260072D03C /* LaunchScreen.storyboard */,
				6DAAFA2D23E482260072D03C /* Info.plist */,
				6DAAFA2E23E482260072D03C /* main.m */,
			);
			path = Resources;
			sourceTree = "<group>";
		};
		6DAAFA3623E482570072D03C /* Models */ = {
			isa = PBXGroup;
			children = (
				6DAAFA3C23E488EB0072D03C /* JDCMovie.h */,
				6DAAFA3D23E488EB0072D03C /* JDCMovie.m */,
			);
			path = Models;
			sourceTree = "<group>";
		};
		6DAAFA3723E4825B0072D03C /* Views */ = {
			isa = PBXGroup;
			children = (
			);
			path = Views;
			sourceTree = "<group>";
		};
		6DAAFA3823E482620072D03C /* Controllers */ = {
			isa = PBXGroup;
			children = (
				6DAAFA3A23E482740072D03C /* ModelControllers */,
				6DAAFA3923E4826E0072D03C /* ViewControllers */,
			);
			path = Controllers;
			sourceTree = "<group>";
		};
		6DAAFA3923E4826E0072D03C /* ViewControllers */ = {
			isa = PBXGroup;
			children = (
			);
			path = ViewControllers;
			sourceTree = "<group>";
		};
		6DAAFA3A23E482740072D03C /* ModelControllers */ = {
			isa = PBXGroup;
			children = (
			);
			path = ModelControllers;
			sourceTree = "<group>";
		};
/* End PBXGroup section */

/* Begin PBXNativeTarget section */
		6DAAFA1823E482220072D03C /* MovieSearch-C31 */ = {
			isa = PBXNativeTarget;
			buildConfigurationList = 6DAAFA3223E482260072D03C /* Build configuration list for PBXNativeTarget "MovieSearch-C31" */;
			buildPhases = (
				6DAAFA1523E482220072D03C /* Sources */,
				6DAAFA1623E482220072D03C /* Frameworks */,
				6DAAFA1723E482220072D03C /* Resources */,
			);
			buildRules = (
			);
			dependencies = (
			);
			name = "MovieSearch-C31";
			productName = "MovieSearch-C31";
			productReference = 6DAAFA1923E482220072D03C /* MovieSearch-C31.app */;
			productType = "com.apple.product-type.application";
		};
/* End PBXNativeTarget section */

/* Begin PBXProject section */
		6DAAFA1123E482220072D03C /* Project object */ = {
			isa = PBXProject;
			attributes = {
				CLASSPREFIX = JDC;
				LastUpgradeCheck = 1130;
				ORGANIZATIONNAME = "Jon Corn";
				TargetAttributes = {
					6DAAFA1823E482220072D03C = {
						CreatedOnToolsVersion = 11.3.1;
					};
				};
			};
			buildConfigurationList = 6DAAFA1423E482220072D03C /* Build configuration list for PBXProject "MovieSearch-C31" */;
			compatibilityVersion = "Xcode 9.3";
			developmentRegion = en;
			hasScannedForEncodings = 0;
			knownRegions = (
				en,
				Base,
			);
			mainGroup = 6DAAFA1023E482220072D03C;
			productRefGroup = 6DAAFA1A23E482220072D03C /* Products */;
			projectDirPath = "";
			projectRoot = "";
			targets = (
				6DAAFA1823E482220072D03C /* MovieSearch-C31 */,
			);
		};
/* End PBXProject section */

/* Begin PBXResourcesBuildPhase section */
		6DAAFA1723E482220072D03C /* Resources */ = {
			isa = PBXResourcesBuildPhase;
			buildActionMask = 2147483647;
			files = (
				6DAAFA2C23E482260072D03C /* LaunchScreen.storyboard in Resources */,
				6DAAFA2923E482260072D03C /* Assets.xcassets in Resources */,
				6DAAFA2723E482220072D03C /* Main.storyboard in Resources */,
			);
			runOnlyForDeploymentPostprocessing = 0;
		};
/* End PBXResourcesBuildPhase section */

/* Begin PBXSourcesBuildPhase section */
		6DAAFA1523E482220072D03C /* Sources */ = {
			isa = PBXSourcesBuildPhase;
			buildActionMask = 2147483647;
			files = (
				6DAAFA1E23E482220072D03C /* AppDelegate.m in Sources */,
				6DAAFA2F23E482260072D03C /* main.m in Sources */,
				6DAAFA3E23E488EB0072D03C /* JDCMovie.m in Sources */,
				6DAAFA2123E482220072D03C /* SceneDelegate.m in Sources */,
			);
			runOnlyForDeploymentPostprocessing = 0;
		};
/* End PBXSourcesBuildPhase section */

/* Begin PBXVariantGroup section */
		6DAAFA2523E482220072D03C /* Main.storyboard */ = {
			isa = PBXVariantGroup;
			children = (
				6DAAFA2623E482220072D03C /* Base */,
			);
			name = Main.storyboard;
			sourceTree = "<group>";
		};
		6DAAFA2A23E482260072D03C /* LaunchScreen.storyboard */ = {
			isa = PBXVariantGroup;
			children = (
				6DAAFA2B23E482260072D03C /* Base */,
			);
			name = LaunchScreen.storyboard;
			sourceTree = "<group>";
		};
/* End PBXVariantGroup section */

/* Begin XCBuildConfiguration section */
		6DAAFA3023E482260072D03C /* Debug */ = {
			isa = XCBuildConfiguration;
			buildSettings = {
				ALWAYS_SEARCH_USER_PATHS = NO;
				CLANG_ANALYZER_NONNULL = YES;
				CLANG_ANALYZER_NUMBER_OBJECT_CONVERSION = YES_AGGRESSIVE;
				CLANG_CXX_LANGUAGE_STANDARD = "gnu++14";
				CLANG_CXX_LIBRARY = "libc++";
				CLANG_ENABLE_MODULES = YES;
				CLANG_ENABLE_OBJC_ARC = YES;
				CLANG_ENABLE_OBJC_WEAK = YES;
				CLANG_WARN_BLOCK_CAPTURE_AUTORELEASING = YES;
				CLANG_WARN_BOOL_CONVERSION = YES;
				CLANG_WARN_COMMA = YES;
				CLANG_WARN_CONSTANT_CONVERSION = YES;
				CLANG_WARN_DEPRECATED_OBJC_IMPLEMENTATIONS = YES;
				CLANG_WARN_DIRECT_OBJC_ISA_USAGE = YES_ERROR;
				CLANG_WARN_DOCUMENTATION_COMMENTS = YES;
				CLANG_WARN_EMPTY_BODY = YES;
				CLANG_WARN_ENUM_CONVERSION = YES;
				CLANG_WARN_INFINITE_RECURSION = YES;
				CLANG_WARN_INT_CONVERSION = YES;
				CLANG_WARN_NON_LITERAL_NULL_CONVERSION = YES;
				CLANG_WARN_OBJC_IMPLICIT_RETAIN_SELF = YES;
				CLANG_WARN_OBJC_LITERAL_CONVERSION = YES;
				CLANG_WARN_OBJC_ROOT_CLASS = YES_ERROR;
				CLANG_WARN_RANGE_LOOP_ANALYSIS = YES;
				CLANG_WARN_STRICT_PROTOTYPES = YES;
				CLANG_WARN_SUSPICIOUS_MOVE = YES;
				CLANG_WARN_UNGUARDED_AVAILABILITY = YES_AGGRESSIVE;
				CLANG_WARN_UNREACHABLE_CODE = YES;
				CLANG_WARN__DUPLICATE_METHOD_MATCH = YES;
				COPY_PHASE_STRIP = NO;
				DEBUG_INFORMATION_FORMAT = dwarf;
				ENABLE_STRICT_OBJC_MSGSEND = YES;
				ENABLE_TESTABILITY = YES;
				GCC_C_LANGUAGE_STANDARD = gnu11;
				GCC_DYNAMIC_NO_PIC = NO;
				GCC_NO_COMMON_BLOCKS = YES;
				GCC_OPTIMIZATION_LEVEL = 0;
				GCC_PREPROCESSOR_DEFINITIONS = (
					"DEBUG=1",
					"$(inherited)",
				);
				GCC_WARN_64_TO_32_BIT_CONVERSION = YES;
				GCC_WARN_ABOUT_RETURN_TYPE = YES_ERROR;
				GCC_WARN_UNDECLARED_SELECTOR = YES;
				GCC_WARN_UNINITIALIZED_AUTOS = YES_AGGRESSIVE;
				GCC_WARN_UNUSED_FUNCTION = YES;
				GCC_WARN_UNUSED_VARIABLE = YES;
				IPHONEOS_DEPLOYMENT_TARGET = 13.2;
				MTL_ENABLE_DEBUG_INFO = INCLUDE_SOURCE;
				MTL_FAST_MATH = YES;
				ONLY_ACTIVE_ARCH = YES;
				SDKROOT = iphoneos;
			};
			name = Debug;
		};
		6DAAFA3123E482260072D03C /* Release */ = {
			isa = XCBuildConfiguration;
			buildSettings = {
				ALWAYS_SEARCH_USER_PATHS = NO;
				CLANG_ANALYZER_NONNULL = YES;
				CLANG_ANALYZER_NUMBER_OBJECT_CONVERSION = YES_AGGRESSIVE;
				CLANG_CXX_LANGUAGE_STANDARD = "gnu++14";
				CLANG_CXX_LIBRARY = "libc++";
				CLANG_ENABLE_MODULES = YES;
				CLANG_ENABLE_OBJC_ARC = YES;
				CLANG_ENABLE_OBJC_WEAK = YES;
				CLANG_WARN_BLOCK_CAPTURE_AUTORELEASING = YES;
				CLANG_WARN_BOOL_CONVERSION = YES;
				CLANG_WARN_COMMA = YES;
				CLANG_WARN_CONSTANT_CONVERSION = YES;
				CLANG_WARN_DEPRECATED_OBJC_IMPLEMENTATIONS = YES;
				CLANG_WARN_DIRECT_OBJC_ISA_USAGE = YES_ERROR;
				CLANG_WARN_DOCUMENTATION_COMMENTS = YES;
				CLANG_WARN_EMPTY_BODY = YES;
				CLANG_WARN_ENUM_CONVERSION = YES;
				CLANG_WARN_INFINITE_RECURSION = YES;
				CLANG_WARN_INT_CONVERSION = YES;
				CLANG_WARN_NON_LITERAL_NULL_CONVERSION = YES;
				CLANG_WARN_OBJC_IMPLICIT_RETAIN_SELF = YES;
				CLANG_WARN_OBJC_LITERAL_CONVERSION = YES;
				CLANG_WARN_OBJC_ROOT_CLASS = YES_ERROR;
				CLANG_WARN_RANGE_LOOP_ANALYSIS = YES;
				CLANG_WARN_STRICT_PROTOTYPES = YES;
				CLANG_WARN_SUSPICIOUS_MOVE = YES;
				CLANG_WARN_UNGUARDED_AVAILABILITY = YES_AGGRESSIVE;
				CLANG_WARN_UNREACHABLE_CODE = YES;
				CLANG_WARN__DUPLICATE_METHOD_MATCH = YES;
				COPY_PHASE_STRIP = NO;
				DEBUG_INFORMATION_FORMAT = "dwarf-with-dsym";
				ENABLE_NS_ASSERTIONS = NO;
				ENABLE_STRICT_OBJC_MSGSEND = YES;
				GCC_C_LANGUAGE_STANDARD = gnu11;
				GCC_NO_COMMON_BLOCKS = YES;
				GCC_WARN_64_TO_32_BIT_CONVERSION = YES;
				GCC_WARN_ABOUT_RETURN_TYPE = YES_ERROR;
				GCC_WARN_UNDECLARED_SELECTOR = YES;
				GCC_WARN_UNINITIALIZED_AUTOS = YES_AGGRESSIVE;
				GCC_WARN_UNUSED_FUNCTION = YES;
				GCC_WARN_UNUSED_VARIABLE = YES;
				IPHONEOS_DEPLOYMENT_TARGET = 13.2;
				MTL_ENABLE_DEBUG_INFO = NO;
				MTL_FAST_MATH = YES;
				SDKROOT = iphoneos;
				VALIDATE_PRODUCT = YES;
			};
			name = Release;
		};
		6DAAFA3323E482260072D03C /* Debug */ = {
			isa = XCBuildConfiguration;
			buildSettings = {
				ASSETCATALOG_COMPILER_APPICON_NAME = AppIcon;
				CODE_SIGN_STYLE = Automatic;
				INFOPLIST_FILE = "$(SRCROOT)/MovieSearch-C31/Resources/Info.plist";
				LD_RUNPATH_SEARCH_PATHS = (
					"$(inherited)",
					"@executable_path/Frameworks",
				);
				PRODUCT_BUNDLE_IDENTIFIER = "com.jdcorn.MovieSearch-C31";
				PRODUCT_NAME = "$(TARGET_NAME)";
				TARGETED_DEVICE_FAMILY = "1,2";
			};
			name = Debug;
		};
		6DAAFA3423E482260072D03C /* Release */ = {
			isa = XCBuildConfiguration;
			buildSettings = {
				ASSETCATALOG_COMPILER_APPICON_NAME = AppIcon;
				CODE_SIGN_STYLE = Automatic;
				INFOPLIST_FILE = "$(SRCROOT)/MovieSearch-C31/Resources/Info.plist";
				LD_RUNPATH_SEARCH_PATHS = (
					"$(inherited)",
					"@executable_path/Frameworks",
				);
				PRODUCT_BUNDLE_IDENTIFIER = "com.jdcorn.MovieSearch-C31";
				PRODUCT_NAME = "$(TARGET_NAME)";
				TARGETED_DEVICE_FAMILY = "1,2";
			};
			name = Release;
		};
/* End XCBuildConfiguration section */

/* Begin XCConfigurationList section */
		6DAAFA1423E482220072D03C /* Build configuration list for PBXProject "MovieSearch-C31" */ = {
			isa = XCConfigurationList;
			buildConfigurations = (
				6DAAFA3023E482260072D03C /* Debug */,
				6DAAFA3123E482260072D03C /* Release */,
			);
			defaultConfigurationIsVisible = 0;
			defaultConfigurationName = Release;
		};
		6DAAFA3223E482260072D03C /* Build configuration list for PBXNativeTarget "MovieSearch-C31" */ = {
			isa = XCConfigurationList;
			buildConfigurations = (
				6DAAFA3323E482260072D03C /* Debug */,
				6DAAFA3423E482260072D03C /* Release */,
			);
			defaultConfigurationIsVisible = 0;
			defaultConfigurationName = Release;
		};
/* End XCConfigurationList section */
	};
	rootObject = 6DAAFA1123E482220072D03C /* Project object */;
}
